
Microsoft Visual Studio Solution File, Format Version 12.00
# Visual Studio Version 16
VisualStudioVersion = 16.0.30413.136
MinimumVisualStudioVersion = 10.0.40219.1
Project("{FAE04EC0-301F-11D3-BF4B-00C04F79EFBC}") = "Tyler_Wildrick_TechProject2a", "Tyler_Wildrick_TechProject2a.csproj", "{D2F335F4-6E63-4BC0-83D1-FB4BBD23E007}"
EndProject
Global
	GlobalSection(SolutionConfigurationPlatforms) = preSolution
		Debug|Any CPU = Debug|Any CPU
		Release|Any CPU = Release|Any CPU
	EndGlobalSection
	GlobalSection(ProjectConfigurationPlatforms) = postSolution
		{D2F335F4-6E63-4BC0-83D1-FB4BBD23E007}.Debug|Any CPU.ActiveCfg = Debug|Any CPU
		{D2F335F4-6E63-4BC0-83D1-FB4BBD23E007}.Debug|Any CPU.Build.0 = Debug|Any CPU
		{D2F335F4-6E63-4BC0-83D1-FB4BBD23E007}.Release|Any CPU.ActiveCfg = Release|Any CPU
		{D2F335F4-6E63-4BC0-83D1-FB4BBD23E007}.Release|Any CPU.Build.0 = Release|Any CPU
	EndGlobalSection
	GlobalSection(SolutionProperties) = preSolution
		HideSolutionNode = FALSE
	EndGlobalSection
	GlobalSection(ExtensibilityGlobals) = postSolution
		SolutionGuid = {1229B863-D1E4-4F55-B485-20B4755625F8}
	EndGlobalSection
EndGlobal
